
Microsoft Visual Studio Solution File, Format Version 12.00
# Visual Studio Version 17
VisualStudioVersion = 17.10.34928.147
MinimumVisualStudioVersion = 10.0.40219.1
Project("{FAE04EC0-301F-11D3-BF4B-00C04F79EFBC}") = "StudentForm", "StudentForm.csproj", "{1BCCD517-E253-4D7C-B450-02E47E659728}"
EndProject
Global
	GlobalSection(SolutionConfigurationPlatforms) = preSolution
		Debug|Any CPU = Debug|Any CPU
		Release|Any CPU = Release|Any CPU
	EndGlobalSection
	GlobalSection(ProjectConfigurationPlatforms) = postSolution
		{1BCCD517-E253-4D7C-B450-02E47E659728}.Debug|Any CPU.ActiveCfg = Debug|Any CPU
		{1BCCD517-E253-4D7C-B450-02E47E659728}.Debug|Any CPU.Build.0 = Debug|Any CPU
		{1BCCD517-E253-4D7C-B450-02E47E659728}.Release|Any CPU.ActiveCfg = Release|Any CPU
		{1BCCD517-E253-4D7C-B450-02E47E659728}.Release|Any CPU.Build.0 = Release|Any CPU
	EndGlobalSection
	GlobalSection(SolutionProperties) = preSolution
		HideSolutionNode = FALSE
	EndGlobalSection
	GlobalSection(ExtensibilityGlobals) = postSolution
		SolutionGuid = {9EAD366F-690A-4E13-A15C-3084E4689EC1}
	EndGlobalSection
EndGlobal
